
Microsoft Visual Studio Solution File, Format Version 12.00
# Visual Studio Version 16
VisualStudioVersion = 16.0.30114.105
MinimumVisualStudioVersion = 10.0.40219.1
Project("{FAE04EC0-301F-11D3-BF4B-00C04F79EFBC}") = "LenovoSmbiosBzhLib", "LenovoSmbiosBzhLib\LenovoSmbiosBzhLib.csproj", "{84CECE63-519A-406B-BB8F-2991F6191817}"
EndProject
Project("{FAE04EC0-301F-11D3-BF4B-00C04F79EFBC}") = "LenovoSmbiosSmiLib", "LenovoSmbiosSmiLib\LenovoSmbiosSmiLib.csproj", "{C7B8C793-52D8-493B-84FD-5670C4A6585D}"
EndProject
Project("{9A19103F-16F7-4668-BE54-9A1E7A4F7556}") = "LenovoFanManagementApp", "LenovoFanManagementApp\LenovoFanManagementApp.csproj", "{7C7964C3-620E-456B-A2C1-D9F9A851ED96}"
	ProjectSection(ProjectDependencies) = postProject
		{11D90B11-3C6E-4C27-AC3E-F4A84B992628} = {11D90B11-3C6E-4C27-AC3E-F4A84B992628}
		{A88A8711-5B8A-4AA7-8487-649CE52D4371} = {A88A8711-5B8A-4AA7-8487-649CE52D4371}
		{B9FAB31C-AA20-40C1-88B9-65783499F7B8} = {B9FAB31C-AA20-40C1-88B9-65783499F7B8}
		{C7B8C793-52D8-493B-84FD-5670C4A6585D} = {C7B8C793-52D8-493B-84FD-5670C4A6585D}
	EndProjectSection
EndProject
Project("{2150E333-8FDC-42A3-9474-1A3956D46DE8}") = "Solution Items", "Solution Items", "{F6F71162-ED0B-439F-A9F7-9BCF2102A17D}"
	ProjectSection(SolutionItems) = preProject
		.editorconfig = .editorconfig
	EndProjectSection
EndProject
Project("{9A19103F-16F7-4668-BE54-9A1E7A4F7556}") = "lf_daemon", "lf_daemon\lf_daemon.csproj", "{A88A8711-5B8A-4AA7-8487-649CE52D4371}"
EndProject
Project("{9A19103F-16F7-4668-BE54-9A1E7A4F7556}") = "LibreHardwareMonitorLib", "LibreHardwareMonitorLib\LibreHardwareMonitorLib.csproj", "{B9FAB31C-AA20-40C1-88B9-65783499F7B8}"
EndProject
Project("{9A19103F-16F7-4668-BE54-9A1E7A4F7556}") = "PowerManagerAPI", "PowerManagerAPI\PowerManagerAPI.csproj", "{11D90B11-3C6E-4C27-AC3E-F4A84B992628}"
EndProject
Global
	GlobalSection(SolutionConfigurationPlatforms) = preSolution
		Debug|Any CPU = Debug|Any CPU
		Debug|x64 = Debug|x64
		Release|Any CPU = Release|Any CPU
		Release|x64 = Release|x64
	EndGlobalSection
	GlobalSection(ProjectConfigurationPlatforms) = postSolution
		{84CECE63-519A-406B-BB8F-2991F6191817}.Debug|Any CPU.ActiveCfg = Debug|Any CPU
		{84CECE63-519A-406B-BB8F-2991F6191817}.Debug|Any CPU.Build.0 = Debug|Any CPU
		{84CECE63-519A-406B-BB8F-2991F6191817}.Debug|x64.ActiveCfg = Debug|Any CPU
		{84CECE63-519A-406B-BB8F-2991F6191817}.Debug|x64.Build.0 = Debug|Any CPU
		{84CECE63-519A-406B-BB8F-2991F6191817}.Release|Any CPU.ActiveCfg = Release|Any CPU
		{84CECE63-519A-406B-BB8F-2991F6191817}.Release|Any CPU.Build.0 = Release|Any CPU
		{84CECE63-519A-406B-BB8F-2991F6191817}.Release|x64.ActiveCfg = Release|Any CPU
		{84CECE63-519A-406B-BB8F-2991F6191817}.Release|x64.Build.0 = Release|Any CPU
		{C7B8C793-52D8-493B-84FD-5670C4A6585D}.Debug|Any CPU.ActiveCfg = Debug|Any CPU
		{C7B8C793-52D8-493B-84FD-5670C4A6585D}.Debug|Any CPU.Build.0 = Debug|Any CPU
		{C7B8C793-52D8-493B-84FD-5670C4A6585D}.Debug|x64.ActiveCfg = Debug|Any CPU
		{C7B8C793-52D8-493B-84FD-5670C4A6585D}.Debug|x64.Build.0 = Debug|Any CPU
		{C7B8C793-52D8-493B-84FD-5670C4A6585D}.Release|Any CPU.ActiveCfg = Release|Any CPU
		{C7B8C793-52D8-493B-84FD-5670C4A6585D}.Release|Any CPU.Build.0 = Release|Any CPU
		{C7B8C793-52D8-493B-84FD-5670C4A6585D}.Release|x64.ActiveCfg = Release|Any CPU
		{C7B8C793-52D8-493B-84FD-5670C4A6585D}.Release|x64.Build.0 = Release|Any CPU
		{7C7964C3-620E-456B-A2C1-D9F9A851ED96}.Debug|Any CPU.ActiveCfg = Debug|Any CPU
		{7C7964C3-620E-456B-A2C1-D9F9A851ED96}.Debug|Any CPU.Build.0 = Debug|Any CPU
		{7C7964C3-620E-456B-A2C1-D9F9A851ED96}.Debug|x64.ActiveCfg = Debug|Any CPU
		{7C7964C3-620E-456B-A2C1-D9F9A851ED96}.Debug|x64.Build.0 = Debug|Any CPU
		{7C7964C3-620E-456B-A2C1-D9F9A851ED96}.Release|Any CPU.ActiveCfg = Release|Any CPU
		{7C7964C3-620E-456B-A2C1-D9F9A851ED96}.Release|Any CPU.Build.0 = Release|Any CPU
		{7C7964C3-620E-456B-A2C1-D9F9A851ED96}.Release|x64.ActiveCfg = Release|Any CPU
		{7C7964C3-620E-456B-A2C1-D9F9A851ED96}.Release|x64.Build.0 = Release|Any CPU
		{A88A8711-5B8A-4AA7-8487-649CE52D4371}.Debug|Any CPU.ActiveCfg = Debug|Any CPU
		{A88A8711-5B8A-4AA7-8487-649CE52D4371}.Debug|Any CPU.Build.0 = Debug|Any CPU
		{A88A8711-5B8A-4AA7-8487-649CE52D4371}.Debug|x64.ActiveCfg = Debug|Any CPU
		{A88A8711-5B8A-4AA7-8487-649CE52D4371}.Debug|x64.Build.0 = Debug|Any CPU
		{A88A8711-5B8A-4AA7-8487-649CE52D4371}.Release|Any CPU.ActiveCfg = Release|Any CPU
		{A88A8711-5B8A-4AA7-8487-649CE52D4371}.Release|Any CPU.Build.0 = Release|Any CPU
		{A88A8711-5B8A-4AA7-8487-649CE52D4371}.Release|x64.ActiveCfg = Release|Any CPU
		{A88A8711-5B8A-4AA7-8487-649CE52D4371}.Release|x64.Build.0 = Release|Any CPU
		{B9FAB31C-AA20-40C1-88B9-65783499F7B8}.Debug|Any CPU.ActiveCfg = Debug|Any CPU
		{B9FAB31C-AA20-40C1-88B9-65783499F7B8}.Debug|Any CPU.Build.0 = Debug|Any CPU
		{B9FAB31C-AA20-40C1-88B9-65783499F7B8}.Debug|x64.ActiveCfg = Debug|Any CPU
		{B9FAB31C-AA20-40C1-88B9-65783499F7B8}.Debug|x64.Build.0 = Debug|Any CPU
		{B9FAB31C-AA20-40C1-88B9-65783499F7B8}.Release|Any CPU.ActiveCfg = Release|Any CPU
		{B9FAB31C-AA20-40C1-88B9-65783499F7B8}.Release|Any CPU.Build.0 = Release|Any CPU
		{B9FAB31C-AA20-40C1-88B9-65783499F7B8}.Release|x64.ActiveCfg = Release|Any CPU
		{B9FAB31C-AA20-40C1-88B9-65783499F7B8}.Release|x64.Build.0 = Release|Any CPU
		{11D90B11-3C6E-4C27-AC3E-F4A84B992628}.Debug|Any CPU.ActiveCfg = Debug|Any CPU
		{11D90B11-3C6E-4C27-AC3E-F4A84B992628}.Debug|Any CPU.Build.0 = Debug|Any CPU
		{11D90B11-3C6E-4C27-AC3E-F4A84B992628}.Debug|x64.ActiveCfg = Debug|Any CPU
		{11D90B11-3C6E-4C27-AC3E-F4A84B992628}.Debug|x64.Build.0 = Debug|Any CPU
		{11D90B11-3C6E-4C27-AC3E-F4A84B992628}.Release|Any CPU.ActiveCfg = Release|Any CPU
		{11D90B11-3C6E-4C27-AC3E-F4A84B992628}.Release|Any CPU.Build.0 = Release|Any CPU
		{11D90B11-3C6E-4C27-AC3E-F4A84B992628}.Release|x64.ActiveCfg = Release|Any CPU
		{11D90B11-3C6E-4C27-AC3E-F4A84B992628}.Release|x64.Build.0 = Release|Any CPU
	EndGlobalSection
	GlobalSection(SolutionProperties) = preSolution
		HideSolutionNode = FALSE
	EndGlobalSection
	GlobalSection(ExtensibilityGlobals) = postSolution
		SolutionGuid = {6A580613-258C-4E89-B681-A8DD4A219871}
	EndGlobalSection
EndGlobal
